
Microsoft Visual Studio Solution File, Format Version 12.00
# Visual Studio Version 16
VisualStudioVersion = 16.0.31424.327
MinimumVisualStudioVersion = 10.0.40219.1
Project("{FAE04EC0-301F-11D3-BF4B-00C04F79EFBC}") = "FlightPlannerFinal", "FlightPlannerFinal.csproj", "{06BA34A0-F96C-4789-B54A-F11CBFDB0BFC}"
EndProject
Global
	GlobalSection(SolutionConfigurationPlatforms) = preSolution
		Debug|Any CPU = Debug|Any CPU
		Release|Any CPU = Release|Any CPU
	EndGlobalSection
	GlobalSection(ProjectConfigurationPlatforms) = postSolution
		{06BA34A0-F96C-4789-B54A-F11CBFDB0BFC}.Debug|Any CPU.ActiveCfg = Debug|Any CPU
		{06BA34A0-F96C-4789-B54A-F11CBFDB0BFC}.Debug|Any CPU.Build.0 = Debug|Any CPU
		{06BA34A0-F96C-4789-B54A-F11CBFDB0BFC}.Release|Any CPU.ActiveCfg = Release|Any CPU
		{06BA34A0-F96C-4789-B54A-F11CBFDB0BFC}.Release|Any CPU.Build.0 = Release|Any CPU
	EndGlobalSection
	GlobalSection(SolutionProperties) = preSolution
		HideSolutionNode = FALSE
	EndGlobalSection
	GlobalSection(ExtensibilityGlobals) = postSolution
		SolutionGuid = {50587CDD-E6D9-415F-B49B-1DC4201E9B2D}
	EndGlobalSection
EndGlobal
